// !$*UTF8*$!
{
	archiveVersion = 1;
	classes = {
	};
	objectVersion = 46;
	objects = {

/* Begin PBXBuildFile section */
		0708E2911F0CB1F300A3143C /* BLEController.m in Sources */ = {isa = PBXBuildFile; fileRef = 0708E2901F0CB1F300A3143C /* BLEController.m */; };
		070B29191F1CAAA6002A7CF4 /* SQLDataIO.swift in Sources */ = {isa = PBXBuildFile; fileRef = 070B29181F1CAAA6002A7CF4 /* SQLDataIO.swift */; };
		070B291D1F1CACB8002A7CF4 /* libsqlite3.tbd in Frameworks */ = {isa = PBXBuildFile; fileRef = 070B291C1F1CACB8002A7CF4 /* libsqlite3.tbd */; };
		07266E581EE9A508005C5BFF /* ForgatPasswordViewController.swift in Sources */ = {isa = PBXBuildFile; fileRef = 07266E571EE9A508005C5BFF /* ForgatPasswordViewController.swift */; };
		0726971D1EE98B15005AC23A /* AppDelegate.swift in Sources */ = {isa = PBXBuildFile; fileRef = 0726971C1EE98B15005AC23A /* AppDelegate.swift */; };
		072697221EE98B15005AC23A /* Main.storyboard in Resources */ = {isa = PBXBuildFile; fileRef = 072697201EE98B15005AC23A /* Main.storyboard */; };
		072697241EE98B15005AC23A /* Assets.xcassets in Resources */ = {isa = PBXBuildFile; fileRef = 072697231EE98B15005AC23A /* Assets.xcassets */; };
		072697271EE98B15005AC23A /* LaunchScreen.storyboard in Resources */ = {isa = PBXBuildFile; fileRef = 072697251EE98B15005AC23A /* LaunchScreen.storyboard */; };
		072697321EE98B15005AC23A /* BEYOND_PULSETests.swift in Sources */ = {isa = PBXBuildFile; fileRef = 072697311EE98B15005AC23A /* BEYOND_PULSETests.swift */; };
		0726973D1EE98B15005AC23A /* BEYOND_PULSEUITests.swift in Sources */ = {isa = PBXBuildFile; fileRef = 0726973C1EE98B15005AC23A /* BEYOND_PULSEUITests.swift */; };
		0726974B1EE98B67005AC23A /* LoginViewController.swift in Sources */ = {isa = PBXBuildFile; fileRef = 0726974A1EE98B67005AC23A /* LoginViewController.swift */; };
		073775D41F27142500D1ABCC /* ActionSheetViewController.swift in Sources */ = {isa = PBXBuildFile; fileRef = 073775D31F27142500D1ABCC /* ActionSheetViewController.swift */; };
		073775D81F273E8C00D1ABCC /* AlterViewController.swift in Sources */ = {isa = PBXBuildFile; fileRef = 073775D71F273E8C00D1ABCC /* AlterViewController.swift */; };
		07387E251EEA7985003E73D9 /* SelectTeamViewController.swift in Sources */ = {isa = PBXBuildFile; fileRef = 07387E241EEA7985003E73D9 /* SelectTeamViewController.swift */; };
		07387E271EEA79E1003E73D9 /* TeamTableViewCell.swift in Sources */ = {isa = PBXBuildFile; fileRef = 07387E261EEA79E1003E73D9 /* TeamTableViewCell.swift */; };
		07387E2B1EEA8645003E73D9 /* SWRevealViewController.m in Sources */ = {isa = PBXBuildFile; fileRef = 07387E2A1EEA8645003E73D9 /* SWRevealViewController.m */; };
		07387E2D1EEA960B003E73D9 /* CoachViewController.swift in Sources */ = {isa = PBXBuildFile; fileRef = 07387E2C1EEA960B003E73D9 /* CoachViewController.swift */; };
		0742F06F1F134CAB001FA68D /* Pods_BEYOND_PULSE.framework in Frameworks */ = {isa = PBXBuildFile; fileRef = 0742F06E1F134C90001FA68D /* Pods_BEYOND_PULSE.framework */; };
		0742F0711F13878A001FA68D /* StartTraningViewController.swift in Sources */ = {isa = PBXBuildFile; fileRef = 0742F0701F13878A001FA68D /* StartTraningViewController.swift */; };
		0765C26D1F0E3E6A007F0792 /* SessionViewController.swift in Sources */ = {isa = PBXBuildFile; fileRef = 0765C26C1F0E3E6A007F0792 /* SessionViewController.swift */; };
		0765C26F1F0E3F41007F0792 /* SessionTableViewCell.swift in Sources */ = {isa = PBXBuildFile; fileRef = 0765C26E1F0E3F41007F0792 /* SessionTableViewCell.swift */; };
		07901C051EF949130000F40A /* CustomTabBarController.swift in Sources */ = {isa = PBXBuildFile; fileRef = 07901C041EF949130000F40A /* CustomTabBarController.swift */; };
		07901C071EF960F20000F40A /* TraningSesionTableViewCell.swift in Sources */ = {isa = PBXBuildFile; fileRef = 07901C061EF960F20000F40A /* TraningSesionTableViewCell.swift */; };
		07906D1C1F051CCF00FB36D0 /* iOSDevCenters+GIF.swift in Sources */ = {isa = PBXBuildFile; fileRef = 07906D1B1F051CCF00FB36D0 /* iOSDevCenters+GIF.swift */; };
		07906D1E1F051F1800FB36D0 /* heartbeat.gif in Resources */ = {isa = PBXBuildFile; fileRef = 07906D1D1F051F1800FB36D0 /* heartbeat.gif */; };
		079597071F025D46002FD487 /* ServerComunication.swift in Sources */ = {isa = PBXBuildFile; fileRef = 079597061F025D46002FD487 /* ServerComunication.swift */; };
		079991421F03BFAA00D4860E /* SettingsViewController.swift in Sources */ = {isa = PBXBuildFile; fileRef = 079991411F03BFAA00D4860E /* SettingsViewController.swift */; };
		07A6238D1EF1151A003A5395 /* PlayerTableViewCell.swift in Sources */ = {isa = PBXBuildFile; fileRef = 07A6238C1EF1151A003A5395 /* PlayerTableViewCell.swift */; };
		07A6238F1EF1158F003A5395 /* PlayerViewController.swift in Sources */ = {isa = PBXBuildFile; fileRef = 07A6238E1EF1158F003A5395 /* PlayerViewController.swift */; };
		07B380031F0A965600B7FB8A /* Singleton.swift in Sources */ = {isa = PBXBuildFile; fileRef = 07B380021F0A965600B7FB8A /* Singleton.swift */; };
		07B380051F0A9F7D00B7FB8A /* SettingsTableViewCell.swift in Sources */ = {isa = PBXBuildFile; fileRef = 07B380041F0A9F7D00B7FB8A /* SettingsTableViewCell.swift */; };
		07B813621F15EBD40026A26D /* JWTDecode.framework in Frameworks */ = {isa = PBXBuildFile; fileRef = 0742F06C1F134C90001FA68D /* JWTDecode.framework */; };
		07BA88FE1F0BB9B8001C4637 /* Players.swift in Sources */ = {isa = PBXBuildFile; fileRef = 07BA88FD1F0BB9B8001C4637 /* Players.swift */; };
		07BF10F61F3343BC0093AEE5 /* StopTraningSesionViewController.swift in Sources */ = {isa = PBXBuildFile; fileRef = 07BF10F51F3343BC0093AEE5 /* StopTraningSesionViewController.swift */; };
		07BF10FD1F334ED90093AEE5 /* LayerContainerView.swift in Sources */ = {isa = PBXBuildFile; fileRef = 07BF10FC1F334ED90093AEE5 /* LayerContainerView.swift */; };
		07CC00BF1F20A53700045D42 /* Roboto-Bold.ttf in Resources */ = {isa = PBXBuildFile; fileRef = 07CC00BB1F2095B800045D42 /* Roboto-Bold.ttf */; };
		07CC00C01F20A53C00045D42 /* MyriadPro-Regular.otf in Resources */ = {isa = PBXBuildFile; fileRef = 07CC00BE1F20A50300045D42 /* MyriadPro-Regular.otf */; };
		07CC00C11F20A54100045D42 /* Roboto-Medium.ttf in Resources */ = {isa = PBXBuildFile; fileRef = 07961F781F1F6D0800A8919E /* Roboto-Medium.ttf */; };
		07DB2B821F0CB3AC00D686C9 /* BLETestViewController.swift in Sources */ = {isa = PBXBuildFile; fileRef = 07DB2B811F0CB3AC00D686C9 /* BLETestViewController.swift */; };
		07DB2B851F0CC49C00D686C9 /* CoreBluetooth.framework in Frameworks */ = {isa = PBXBuildFile; fileRef = 07DB2B841F0CC49C00D686C9 /* CoreBluetooth.framework */; };
		07DB2B871F0CCD0100D686C9 /* CoreLocation.framework in Frameworks */ = {isa = PBXBuildFile; fileRef = 07DB2B861F0CCD0100D686C9 /* CoreLocation.framework */; };
		07DFEC211F1DD1F700280D65 /* navigationView.xib in Resources */ = {isa = PBXBuildFile; fileRef = 07DFEC201F1DD1F700280D65 /* navigationView.xib */; };
		07DFEC251F1DD2E600280D65 /* NavigationView.swift in Sources */ = {isa = PBXBuildFile; fileRef = 07DFEC241F1DD2E600280D65 /* NavigationView.swift */; };
		07DFEC281F1DFD5000280D65 /* RobotoCondensed-Regular.ttf in Resources */ = {isa = PBXBuildFile; fileRef = 07DFEC271F1DFD3500280D65 /* RobotoCondensed-Regular.ttf */; };
		07E2BE2D1F1C017900A134DE /* libsqlite3.0.tbd in Frameworks */ = {isa = PBXBuildFile; fileRef = 07E2BE2C1F1C017900A134DE /* libsqlite3.0.tbd */; };
		07E88F181F0F5B530022FC4C /* PlayerDetailsViewController.swift in Sources */ = {isa = PBXBuildFile; fileRef = 07E88F171F0F5B530022FC4C /* PlayerDetailsViewController.swift */; };
		07EF5BE71F05012200476225 /* FirstScreanViewController.swift in Sources */ = {isa = PBXBuildFile; fileRef = 07EF5BE61F05012200476225 /* FirstScreanViewController.swift */; };
		07FDB20D1F26060E00D35B85 /* buttonView.xib in Resources */ = {isa = PBXBuildFile; fileRef = 07FDB20C1F26060E00D35B85 /* buttonView.xib */; };
		07FDB2111F26069700D35B85 /* CustomButton.swift in Sources */ = {isa = PBXBuildFile; fileRef = 07FDB2101F26069700D35B85 /* CustomButton.swift */; };
		78985CF4092A36EF7773A9E3 /* Pods_BEYOND_PULSE.framework in Frameworks */ = {isa = PBXBuildFile; fileRef = B565572DBE07F87A83508FBC /* Pods_BEYOND_PULSE.framework */; };
/* End PBXBuildFile section */

/* Begin PBXContainerItemProxy section */
		0726972E1EE98B15005AC23A /* PBXContainerItemProxy */ = {
			isa = PBXContainerItemProxy;
			containerPortal = 072697111EE98B15005AC23A /* Project object */;
			proxyType = 1;
			remoteGlobalIDString = 072697181EE98B15005AC23A;
			remoteInfo = "BEYOND PULSE";
		};
		072697391EE98B15005AC23A /* PBXContainerItemProxy */ = {
			isa = PBXContainerItemProxy;
			containerPortal = 072697111EE98B15005AC23A /* Project object */;
			proxyType = 1;
			remoteGlobalIDString = 072697181EE98B15005AC23A;
			remoteInfo = "BEYOND PULSE";
		};
		0742F06B1F134C90001FA68D /* PBXContainerItemProxy */ = {
			isa = PBXContainerItemProxy;
			containerPortal = 0742F0661F134C90001FA68D /* Pods.xcodeproj */;
			proxyType = 2;
			remoteGlobalIDString = C0089CA1C4AF43F80F6D96ABC69A945D;
			remoteInfo = JWTDecode;
		};
		0742F06D1F134C90001FA68D /* PBXContainerItemProxy */ = {
			isa = PBXContainerItemProxy;
			containerPortal = 0742F0661F134C90001FA68D /* Pods.xcodeproj */;
			proxyType = 2;
			remoteGlobalIDString = A80F3B18A27E72E93A18AE7123A4FB9A;
			remoteInfo = "Pods-BEYOND PULSE";
		};
		07BF10FA1F3343BF0093AEE5 /* PBXContainerItemProxy */ = {
			isa = PBXContainerItemProxy;
			containerPortal = 0742F0661F134C90001FA68D /* Pods.xcodeproj */;
			proxyType = 2;
			remoteGlobalIDString = ACE1C47621E4E4A264EF1DCAA40A03B7;
			remoteInfo = "HockeySDK-HockeySDKResources";
		};
/* End PBXContainerItemProxy section */

/* Begin PBXFileReference section */
		0708E28F1F0CB1F300A3143C /* BLEController.h */ = {isa = PBXFileReference; fileEncoding = 4; lastKnownFileType = sourcecode.c.h; path = BLEController.h; sourceTree = SOURCE_ROOT; };
		0708E2901F0CB1F300A3143C /* BLEController.m */ = {isa = PBXFileReference; fileEncoding = 4; lastKnownFileType = sourcecode.c.objc; path = BLEController.m; sourceTree = SOURCE_ROOT; };
		070B29181F1CAAA6002A7CF4 /* SQLDataIO.swift */ = {isa = PBXFileReference; fileEncoding = 4; lastKnownFileType = sourcecode.swift; path = SQLDataIO.swift; sourceTree = SOURCE_ROOT; };
		070B291C1F1CACB8002A7CF4 /* libsqlite3.tbd */ = {isa = PBXFileReference; lastKnownFileType = "sourcecode.text-based-dylib-definition"; name = libsqlite3.tbd; path = usr/lib/libsqlite3.tbd; sourceTree = SDKROOT; };
		07266E571EE9A508005C5BFF /* ForgatPasswordViewController.swift */ = {isa = PBXFileReference; fileEncoding = 4; lastKnownFileType = sourcecode.swift; path = ForgatPasswordViewController.swift; sourceTree = "<group>"; };
		072697191EE98B15005AC23A /* BEYOND PULSE.app */ = {isa = PBXFileReference; explicitFileType = wrapper.application; includeInIndex = 0; path = "BEYOND PULSE.app"; sourceTree = BUILT_PRODUCTS_DIR; };
		0726971C1EE98B15005AC23A /* AppDelegate.swift */ = {isa = PBXFileReference; lastKnownFileType = sourcecode.swift; path = AppDelegate.swift; sourceTree = "<group>"; };
		072697211EE98B15005AC23A /* Base */ = {isa = PBXFileReference; lastKnownFileType = file.storyboard; name = Base; path = Base.lproj/Main.storyboard; sourceTree = "<group>"; };
		072697231EE98B15005AC23A /* Assets.xcassets */ = {isa = PBXFileReference; lastKnownFileType = folder.assetcatalog; path = Assets.xcassets; sourceTree = "<group>"; };
		072697261EE98B15005AC23A /* Base */ = {isa = PBXFileReference; lastKnownFileType = file.storyboard; name = Base; path = Base.lproj/LaunchScreen.storyboard; sourceTree = "<group>"; };
		072697281EE98B15005AC23A /* Info.plist */ = {isa = PBXFileReference; lastKnownFileType = text.plist.xml; path = Info.plist; sourceTree = "<group>"; };
		0726972D1EE98B15005AC23A /* BEYOND PULSETests.xctest */ = {isa = PBXFileReference; explicitFileType = wrapper.cfbundle; includeInIndex = 0; path = "BEYOND PULSETests.xctest"; sourceTree = BUILT_PRODUCTS_DIR; };
		072697311EE98B15005AC23A /* BEYOND_PULSETests.swift */ = {isa = PBXFileReference; lastKnownFileType = sourcecode.swift; path = BEYOND_PULSETests.swift; sourceTree = "<group>"; };
		072697331EE98B15005AC23A /* Info.plist */ = {isa = PBXFileReference; lastKnownFileType = text.plist.xml; path = Info.plist; sourceTree = "<group>"; };
		072697381EE98B15005AC23A /* BEYOND PULSEUITests.xctest */ = {isa = PBXFileReference; explicitFileType = wrapper.cfbundle; includeInIndex = 0; path = "BEYOND PULSEUITests.xctest"; sourceTree = BUILT_PRODUCTS_DIR; };
		0726973C1EE98B15005AC23A /* BEYOND_PULSEUITests.swift */ = {isa = PBXFileReference; lastKnownFileType = sourcecode.swift; path = BEYOND_PULSEUITests.swift; sourceTree = "<group>"; };
		0726973E1EE98B15005AC23A /* Info.plist */ = {isa = PBXFileReference; lastKnownFileType = text.plist.xml; path = Info.plist; sourceTree = "<group>"; };
		0726974A1EE98B67005AC23A /* LoginViewController.swift */ = {isa = PBXFileReference; fileEncoding = 4; lastKnownFileType = sourcecode.swift; path = LoginViewController.swift; sourceTree = "<group>"; };
		073775D31F27142500D1ABCC /* ActionSheetViewController.swift */ = {isa = PBXFileReference; fileEncoding = 4; lastKnownFileType = sourcecode.swift; path = ActionSheetViewController.swift; sourceTree = "<group>"; };
		073775D71F273E8C00D1ABCC /* AlterViewController.swift */ = {isa = PBXFileReference; fileEncoding = 4; lastKnownFileType = sourcecode.swift; path = AlterViewController.swift; sourceTree = "<group>"; };
		07387E241EEA7985003E73D9 /* SelectTeamViewController.swift */ = {isa = PBXFileReference; fileEncoding = 4; lastKnownFileType = sourcecode.swift; name = SelectTeamViewController.swift; path = ../SelectTeamViewController.swift; sourceTree = "<group>"; };
		07387E261EEA79E1003E73D9 /* TeamTableViewCell.swift */ = {isa = PBXFileReference; fileEncoding = 4; lastKnownFileType = sourcecode.swift; path = TeamTableViewCell.swift; sourceTree = "<group>"; };
		07387E281EEA8645003E73D9 /* BEYOND PULSE-Bridging-Header.h */ = {isa = PBXFileReference; lastKnownFileType = sourcecode.c.h; path = "BEYOND PULSE-Bridging-Header.h"; sourceTree = "<group>"; };
		07387E291EEA8645003E73D9 /* SWRevealViewController.h */ = {isa = PBXFileReference; fileEncoding = 4; lastKnownFileType = sourcecode.c.h; path = SWRevealViewController.h; sourceTree = "<group>"; };
		07387E2A1EEA8645003E73D9 /* SWRevealViewController.m */ = {isa = PBXFileReference; fileEncoding = 4; lastKnownFileType = sourcecode.c.objc; path = SWRevealViewController.m; sourceTree = "<group>"; };
		07387E2C1EEA960B003E73D9 /* CoachViewController.swift */ = {isa = PBXFileReference; fileEncoding = 4; lastKnownFileType = sourcecode.swift; path = CoachViewController.swift; sourceTree = "<group>"; };
		0742F0661F134C90001FA68D /* Pods.xcodeproj */ = {isa = PBXFileReference; lastKnownFileType = "wrapper.pb-project"; name = Pods.xcodeproj; path = Pods/Pods.xcodeproj; sourceTree = "<group>"; };
		0742F0701F13878A001FA68D /* StartTraningViewController.swift */ = {isa = PBXFileReference; fileEncoding = 4; lastKnownFileType = sourcecode.swift; path = StartTraningViewController.swift; sourceTree = "<group>"; };
		0765C26C1F0E3E6A007F0792 /* SessionViewController.swift */ = {isa = PBXFileReference; fileEncoding = 4; lastKnownFileType = sourcecode.swift; path = SessionViewController.swift; sourceTree = "<group>"; };
		0765C26E1F0E3F41007F0792 /* SessionTableViewCell.swift */ = {isa = PBXFileReference; fileEncoding = 4; lastKnownFileType = sourcecode.swift; path = SessionTableViewCell.swift; sourceTree = "<group>"; };
		07901C041EF949130000F40A /* CustomTabBarController.swift */ = {isa = PBXFileReference; fileEncoding = 4; lastKnownFileType = sourcecode.swift; path = CustomTabBarController.swift; sourceTree = "<group>"; };
		07901C061EF960F20000F40A /* TraningSesionTableViewCell.swift */ = {isa = PBXFileReference; fileEncoding = 4; lastKnownFileType = sourcecode.swift; path = TraningSesionTableViewCell.swift; sourceTree = "<group>"; };
		07906D1B1F051CCF00FB36D0 /* iOSDevCenters+GIF.swift */ = {isa = PBXFileReference; fileEncoding = 4; lastKnownFileType = sourcecode.swift; path = "iOSDevCenters+GIF.swift"; sourceTree = SOURCE_ROOT; };
		07906D1D1F051F1800FB36D0 /* heartbeat.gif */ = {isa = PBXFileReference; lastKnownFileType = image.gif; name = heartbeat.gif; path = ../../../../Downloads/heartbeat.gif; sourceTree = "<group>"; };
		079597061F025D46002FD487 /* ServerComunication.swift */ = {isa = PBXFileReference; fileEncoding = 4; lastKnownFileType = sourcecode.swift; path = ServerComunication.swift; sourceTree = "<group>"; };
		07961F781F1F6D0800A8919E /* Roboto-Medium.ttf */ = {isa = PBXFileReference; lastKnownFileType = file; path = "Roboto-Medium.ttf"; sourceTree = "<group>"; };
		079991411F03BFAA00D4860E /* SettingsViewController.swift */ = {isa = PBXFileReference; fileEncoding = 4; lastKnownFileType = sourcecode.swift; path = SettingsViewController.swift; sourceTree = "<group>"; };
		07A6238C1EF1151A003A5395 /* PlayerTableViewCell.swift */ = {isa = PBXFileReference; fileEncoding = 4; lastKnownFileType = sourcecode.swift; path = PlayerTableViewCell.swift; sourceTree = "<group>"; };
		07A6238E1EF1158F003A5395 /* PlayerViewController.swift */ = {isa = PBXFileReference; fileEncoding = 4; lastKnownFileType = sourcecode.swift; path = PlayerViewController.swift; sourceTree = "<group>"; };
		07B37FBA1F0A681100B7FB8A /* A0JWT.swift */ = {isa = PBXFileReference; lastKnownFileType = sourcecode.swift; path = A0JWT.swift; sourceTree = "<group>"; };
		07B37FBB1F0A681100B7FB8A /* Errors.swift */ = {isa = PBXFileReference; lastKnownFileType = sourcecode.swift; path = Errors.swift; sourceTree = "<group>"; };
		07B37FBC1F0A681100B7FB8A /* JWT.swift */ = {isa = PBXFileReference; lastKnownFileType = sourcecode.swift; path = JWT.swift; sourceTree = "<group>"; };
		07B37FBD1F0A681100B7FB8A /* JWTDecode.swift */ = {isa = PBXFileReference; lastKnownFileType = sourcecode.swift; path = JWTDecode.swift; sourceTree = "<group>"; };
		07B37FBE1F0A681100B7FB8A /* LICENSE.txt */ = {isa = PBXFileReference; lastKnownFileType = text; path = LICENSE.txt; sourceTree = "<group>"; };
		07B37FBF1F0A681100B7FB8A /* README.md */ = {isa = PBXFileReference; lastKnownFileType = net.daringfireball.markdown; path = README.md; sourceTree = "<group>"; };
		07B37FC01F0A684B00B7FB8A /* BEYOND PULSE.xcworkspace */ = {isa = PBXFileReference; lastKnownFileType = wrapper.workspace; path = "BEYOND PULSE.xcworkspace"; sourceTree = "<group>"; };
		07B37FC61F0A687600B7FB8A /* A0JWT.swift */ = {isa = PBXFileReference; lastKnownFileType = sourcecode.swift; path = A0JWT.swift; sourceTree = "<group>"; };
		07B37FC71F0A687600B7FB8A /* Errors.swift */ = {isa = PBXFileReference; lastKnownFileType = sourcecode.swift; path = Errors.swift; sourceTree = "<group>"; };
		07B37FC81F0A687600B7FB8A /* JWT.swift */ = {isa = PBXFileReference; lastKnownFileType = sourcecode.swift; path = JWT.swift; sourceTree = "<group>"; };
		07B37FC91F0A687600B7FB8A /* JWTDecode.swift */ = {isa = PBXFileReference; lastKnownFileType = sourcecode.swift; path = JWTDecode.swift; sourceTree = "<group>"; };
		07B37FCA1F0A687600B7FB8A /* LICENSE.txt */ = {isa = PBXFileReference; lastKnownFileType = text; path = LICENSE.txt; sourceTree = "<group>"; };
		07B37FCB1F0A687600B7FB8A /* README.md */ = {isa = PBXFileReference; lastKnownFileType = net.daringfireball.markdown; path = README.md; sourceTree = "<group>"; };
		07B37FCE1F0A688B00B7FB8A /* XcodeKit.framework */ = {isa = PBXFileReference; lastKnownFileType = wrapper.framework; name = XcodeKit.framework; path = Library/Frameworks/XcodeKit.framework; sourceTree = DEVELOPER_DIR; };
		07B380021F0A965600B7FB8A /* Singleton.swift */ = {isa = PBXFileReference; fileEncoding = 4; lastKnownFileType = sourcecode.swift; name = Singleton.swift; path = ../Singleton.swift; sourceTree = "<group>"; };
		07B380041F0A9F7D00B7FB8A /* SettingsTableViewCell.swift */ = {isa = PBXFileReference; fileEncoding = 4; lastKnownFileType = sourcecode.swift; path = SettingsTableViewCell.swift; sourceTree = "<group>"; };
		07BA88FD1F0BB9B8001C4637 /* Players.swift */ = {isa = PBXFileReference; fileEncoding = 4; lastKnownFileType = sourcecode.swift; path = Players.swift; sourceTree = "<group>"; };
		07BF10F51F3343BC0093AEE5 /* StopTraningSesionViewController.swift */ = {isa = PBXFileReference; fileEncoding = 4; lastKnownFileType = sourcecode.swift; path = StopTraningSesionViewController.swift; sourceTree = "<group>"; };
		07BF10FC1F334ED90093AEE5 /* LayerContainerView.swift */ = {isa = PBXFileReference; fileEncoding = 4; lastKnownFileType = sourcecode.swift; path = LayerContainerView.swift; sourceTree = "<group>"; };
		07CC00BB1F2095B800045D42 /* Roboto-Bold.ttf */ = {isa = PBXFileReference; lastKnownFileType = file; path = "Roboto-Bold.ttf"; sourceTree = "<group>"; };
		07CC00BE1F20A50300045D42 /* MyriadPro-Regular.otf */ = {isa = PBXFileReference; lastKnownFileType = file; path = "MyriadPro-Regular.otf"; sourceTree = "<group>"; };
		07DB2B811F0CB3AC00D686C9 /* BLETestViewController.swift */ = {isa = PBXFileReference; fileEncoding = 4; lastKnownFileType = sourcecode.swift; path = BLETestViewController.swift; sourceTree = "<group>"; };
		07DB2B841F0CC49C00D686C9 /* CoreBluetooth.framework */ = {isa = PBXFileReference; lastKnownFileType = wrapper.framework; name = CoreBluetooth.framework; path = System/Library/Frameworks/CoreBluetooth.framework; sourceTree = SDKROOT; };
		07DB2B861F0CCD0100D686C9 /* CoreLocation.framework */ = {isa = PBXFileReference; lastKnownFileType = wrapper.framework; name = CoreLocation.framework; path = System/Library/Frameworks/CoreLocation.framework; sourceTree = SDKROOT; };
		07DFEC201F1DD1F700280D65 /* navigationView.xib */ = {isa = PBXFileReference; fileEncoding = 4; lastKnownFileType = file.xib; path = navigationView.xib; sourceTree = "<group>"; };
		07DFEC241F1DD2E600280D65 /* NavigationView.swift */ = {isa = PBXFileReference; fileEncoding = 4; lastKnownFileType = sourcecode.swift; path = NavigationView.swift; sourceTree = "<group>"; };
		07DFEC271F1DFD3500280D65 /* RobotoCondensed-Regular.ttf */ = {isa = PBXFileReference; lastKnownFileType = file; path = "RobotoCondensed-Regular.ttf"; sourceTree = "<group>"; };
		07E2BE2C1F1C017900A134DE /* libsqlite3.0.tbd */ = {isa = PBXFileReference; lastKnownFileType = "sourcecode.text-based-dylib-definition"; name = libsqlite3.0.tbd; path = usr/lib/libsqlite3.0.tbd; sourceTree = SDKROOT; };
		07E88F171F0F5B530022FC4C /* PlayerDetailsViewController.swift */ = {isa = PBXFileReference; fileEncoding = 4; lastKnownFileType = sourcecode.swift; name = PlayerDetailsViewController.swift; path = ../PlayerDetailsViewController.swift; sourceTree = "<group>"; };
		07EF5BE61F05012200476225 /* FirstScreanViewController.swift */ = {isa = PBXFileReference; fileEncoding = 4; lastKnownFileType = sourcecode.swift; name = FirstScreanViewController.swift; path = Assets.xcassets/FirstScreanViewController.swift; sourceTree = "<group>"; };
		07FDB20C1F26060E00D35B85 /* buttonView.xib */ = {isa = PBXFileReference; fileEncoding = 4; lastKnownFileType = file.xib; path = buttonView.xib; sourceTree = "<group>"; };
		07FDB2101F26069700D35B85 /* CustomButton.swift */ = {isa = PBXFileReference; fileEncoding = 4; lastKnownFileType = sourcecode.swift; path = CustomButton.swift; sourceTree = "<group>"; };
		10CAC75485C41836B5E78DC4 /* Pods-BEYOND PULSE.debug.xcconfig */ = {isa = PBXFileReference; includeInIndex = 1; lastKnownFileType = text.xcconfig; name = "Pods-BEYOND PULSE.debug.xcconfig"; path = "Pods/Target Support Files/Pods-BEYOND PULSE/Pods-BEYOND PULSE.debug.xcconfig"; sourceTree = "<group>"; };
		B565572DBE07F87A83508FBC /* Pods_BEYOND_PULSE.framework */ = {isa = PBXFileReference; explicitFileType = wrapper.framework; includeInIndex = 0; path = Pods_BEYOND_PULSE.framework; sourceTree = BUILT_PRODUCTS_DIR; };
		E8F6056CD1D0A617B8F75847 /* Pods-BEYOND PULSE.release.xcconfig */ = {isa = PBXFileReference; includeInIndex = 1; lastKnownFileType = text.xcconfig; name = "Pods-BEYOND PULSE.release.xcconfig"; path = "Pods/Target Support Files/Pods-BEYOND PULSE/Pods-BEYOND PULSE.release.xcconfig"; sourceTree = "<group>"; };
/* End PBXFileReference section */

/* Begin PBXFrameworksBuildPhase section */
		072697161EE98B15005AC23A /* Frameworks */ = {
			isa = PBXFrameworksBuildPhase;
			buildActionMask = 2147483647;
			files = (
				070B291D1F1CACB8002A7CF4 /* libsqlite3.tbd in Frameworks */,
				07E2BE2D1F1C017900A134DE /* libsqlite3.0.tbd in Frameworks */,
				07B813621F15EBD40026A26D /* JWTDecode.framework in Frameworks */,
				0742F06F1F134CAB001FA68D /* Pods_BEYOND_PULSE.framework in Frameworks */,
				07DB2B871F0CCD0100D686C9 /* CoreLocation.framework in Frameworks */,
				07DB2B851F0CC49C00D686C9 /* CoreBluetooth.framework in Frameworks */,
				78985CF4092A36EF7773A9E3 /* Pods_BEYOND_PULSE.framework in Frameworks */,
			);
			runOnlyForDeploymentPostprocessing = 0;
		};
		0726972A1EE98B15005AC23A /* Frameworks */ = {
			isa = PBXFrameworksBuildPhase;
			buildActionMask = 2147483647;
			files = (
			);
			runOnlyForDeploymentPostprocessing = 0;
		};
		072697351EE98B15005AC23A /* Frameworks */ = {
			isa = PBXFrameworksBuildPhase;
			buildActionMask = 2147483647;
			files = (
			);
			runOnlyForDeploymentPostprocessing = 0;
		};
/* End PBXFrameworksBuildPhase section */

/* Begin PBXGroup section */
		072697101EE98B15005AC23A = {
			isa = PBXGroup;
			children = (
				0726971B1EE98B15005AC23A /* BEYOND PULSE */,
				072697301EE98B15005AC23A /* BEYOND PULSETests */,
				0726973B1EE98B15005AC23A /* BEYOND PULSEUITests */,
				0726971A1EE98B15005AC23A /* Products */,
				07B37FB71F0A681100B7FB8A /* Frameworks */,
				0742F0661F134C90001FA68D /* Pods.xcodeproj */,
				C279FF22B130BB80A55C531E /* Pods */,
			);
			sourceTree = "<group>";
		};
		0726971A1EE98B15005AC23A /* Products */ = {
			isa = PBXGroup;
			children = (
				072697191EE98B15005AC23A /* BEYOND PULSE.app */,
				0726972D1EE98B15005AC23A /* BEYOND PULSETests.xctest */,
				072697381EE98B15005AC23A /* BEYOND PULSEUITests.xctest */,
			);
			name = Products;
			sourceTree = "<group>";
		};
		0726971B1EE98B15005AC23A /* BEYOND PULSE */ = {
			isa = PBXGroup;
			children = (
				070B29181F1CAAA6002A7CF4 /* SQLDataIO.swift */,
				0726971C1EE98B15005AC23A /* AppDelegate.swift */,
				072697201EE98B15005AC23A /* Main.storyboard */,
				072697231EE98B15005AC23A /* Assets.xcassets */,
				072697251EE98B15005AC23A /* LaunchScreen.storyboard */,
				072697281EE98B15005AC23A /* Info.plist */,
				07387E241EEA7985003E73D9 /* SelectTeamViewController.swift */,
				0726974A1EE98B67005AC23A /* LoginViewController.swift */,
				07266E571EE9A508005C5BFF /* ForgatPasswordViewController.swift */,
				07387E291EEA8645003E73D9 /* SWRevealViewController.h */,
				07387E281EEA8645003E73D9 /* BEYOND PULSE-Bridging-Header.h */,
				07387E261EEA79E1003E73D9 /* TeamTableViewCell.swift */,
				07387E2A1EEA8645003E73D9 /* SWRevealViewController.m */,
				07387E2C1EEA960B003E73D9 /* CoachViewController.swift */,
				07EF5BE61F05012200476225 /* FirstScreanViewController.swift */,
				07A6238C1EF1151A003A5395 /* PlayerTableViewCell.swift */,
				07A6238E1EF1158F003A5395 /* PlayerViewController.swift */,
				07901C041EF949130000F40A /* CustomTabBarController.swift */,
				07901C061EF960F20000F40A /* TraningSesionTableViewCell.swift */,
				079991411F03BFAA00D4860E /* SettingsViewController.swift */,
				07906D1B1F051CCF00FB36D0 /* iOSDevCenters+GIF.swift */,
				07906D1D1F051F1800FB36D0 /* heartbeat.gif */,
				07B380021F0A965600B7FB8A /* Singleton.swift */,
				07B380041F0A9F7D00B7FB8A /* SettingsTableViewCell.swift */,
				07BA88FD1F0BB9B8001C4637 /* Players.swift */,
				0708E28F1F0CB1F300A3143C /* BLEController.h */,
				0708E2901F0CB1F300A3143C /* BLEController.m */,
				0765C26C1F0E3E6A007F0792 /* SessionViewController.swift */,
				0765C26E1F0E3F41007F0792 /* SessionTableViewCell.swift */,
				079597061F025D46002FD487 /* ServerComunication.swift */,
				07E88F171F0F5B530022FC4C /* PlayerDetailsViewController.swift */,
				0742F0701F13878A001FA68D /* StartTraningViewController.swift */,
				073775D31F27142500D1ABCC /* ActionSheetViewController.swift */,
				073775D71F273E8C00D1ABCC /* AlterViewController.swift */,
				07BF10F51F3343BC0093AEE5 /* StopTraningSesionViewController.swift */,
				074B476C1F29DE9C00565E02 /* Fonts */,
				07DFEC261F1DE86300280D65 /* Custom View */,
				07BF10FC1F334ED90093AEE5 /* LayerContainerView.swift */,
				07DB2B811F0CB3AC00D686C9 /* BLETestViewController.swift */,
			);
			path = "BEYOND PULSE";
			sourceTree = "<group>";
		};
		072697301EE98B15005AC23A /* BEYOND PULSETests */ = {
			isa = PBXGroup;
			children = (
				072697311EE98B15005AC23A /* BEYOND_PULSETests.swift */,
				072697331EE98B15005AC23A /* Info.plist */,
			);
			path = "BEYOND PULSETests";
			sourceTree = "<group>";
		};
		0726973B1EE98B15005AC23A /* BEYOND PULSEUITests */ = {
			isa = PBXGroup;
			children = (
				0726973C1EE98B15005AC23A /* BEYOND_PULSEUITests.swift */,
				0726973E1EE98B15005AC23A /* Info.plist */,
			);
			path = "BEYOND PULSEUITests";
			sourceTree = "<group>";
		};
		0742F0671F134C90001FA68D /* Products */ = {
			isa = PBXGroup;
			children = (
				07BF10FB1F3343BF0093AEE5 /* HockeySDKResources.bundle */,
				0742F06C1F134C90001FA68D /* JWTDecode.framework */,
				0742F06E1F134C90001FA68D /* Pods_BEYOND_PULSE.framework */,
			);
			name = Products;
			sourceTree = "<group>";
		};
		074B476C1F29DE9C00565E02 /* Fonts */ = {
			isa = PBXGroup;
			children = (
				07DFEC271F1DFD3500280D65 /* RobotoCondensed-Regular.ttf */,
				07961F781F1F6D0800A8919E /* Roboto-Medium.ttf */,
				07CC00BB1F2095B800045D42 /* Roboto-Bold.ttf */,
				07CC00BE1F20A50300045D42 /* MyriadPro-Regular.otf */,
			);
			name = Fonts;
			sourceTree = "<group>";
		};
		07B37FB71F0A681100B7FB8A /* Frameworks */ = {
			isa = PBXGroup;
			children = (
				070B291C1F1CACB8002A7CF4 /* libsqlite3.tbd */,
				07E2BE2C1F1C017900A134DE /* libsqlite3.0.tbd */,
				07DB2B861F0CCD0100D686C9 /* CoreLocation.framework */,
				07DB2B841F0CC49C00D686C9 /* CoreBluetooth.framework */,
				07B37FCE1F0A688B00B7FB8A /* XcodeKit.framework */,
				07B37FC21F0A687600B7FB8A /* Pods */,
				07B37FC01F0A684B00B7FB8A /* BEYOND PULSE.xcworkspace */,
				07B37FB81F0A681100B7FB8A /* JWTDecode */,
				B565572DBE07F87A83508FBC /* Pods_BEYOND_PULSE.framework */,
			);
			name = Frameworks;
			sourceTree = "<group>";
		};
		07B37FB81F0A681100B7FB8A /* JWTDecode */ = {
			isa = PBXGroup;
			children = (
				07B37FB91F0A681100B7FB8A /* JWTDecode */,
				07B37FBE1F0A681100B7FB8A /* LICENSE.txt */,
				07B37FBF1F0A681100B7FB8A /* README.md */,
			);
			name = JWTDecode;
			path = Pods/JWTDecode;
			sourceTree = "<group>";
		};
		07B37FB91F0A681100B7FB8A /* JWTDecode */ = {
			isa = PBXGroup;
			children = (
				07B37FBA1F0A681100B7FB8A /* A0JWT.swift */,
				07B37FBB1F0A681100B7FB8A /* Errors.swift */,
				07B37FBC1F0A681100B7FB8A /* JWT.swift */,
				07B37FBD1F0A681100B7FB8A /* JWTDecode.swift */,
			);
			path = JWTDecode;
			sourceTree = "<group>";
		};
		07B37FC21F0A687600B7FB8A /* Pods */ = {
			isa = PBXGroup;
			children = (
				07B37FC31F0A687600B7FB8A /* Headers */,
				07B37FC41F0A687600B7FB8A /* JWTDecode */,
				07B37FCC1F0A687600B7FB8A /* Local Podspecs */,
				07B37FCD1F0A687700B7FB8A /* Target Support Files */,
			);
			path = Pods;
			sourceTree = "<group>";
		};
		07B37FC31F0A687600B7FB8A /* Headers */ = {
			isa = PBXGroup;
			children = (
			);
			path = Headers;
			sourceTree = "<group>";
		};
		07B37FC41F0A687600B7FB8A /* JWTDecode */ = {
			isa = PBXGroup;
			children = (
				07B37FC51F0A687600B7FB8A /* JWTDecode */,
				07B37FCA1F0A687600B7FB8A /* LICENSE.txt */,
				07B37FCB1F0A687600B7FB8A /* README.md */,
			);
			path = JWTDecode;
			sourceTree = "<group>";
		};
		07B37FC51F0A687600B7FB8A /* JWTDecode */ = {
			isa = PBXGroup;
			children = (
				07B37FC61F0A687600B7FB8A /* A0JWT.swift */,
				07B37FC71F0A687600B7FB8A /* Errors.swift */,
				07B37FC81F0A687600B7FB8A /* JWT.swift */,
				07B37FC91F0A687600B7FB8A /* JWTDecode.swift */,
			);
			path = JWTDecode;
			sourceTree = "<group>";
		};
		07B37FCC1F0A687600B7FB8A /* Local Podspecs */ = {
			isa = PBXGroup;
			children = (
			);
			path = "Local Podspecs";
			sourceTree = "<group>";
		};
		07B37FCD1F0A687700B7FB8A /* Target Support Files */ = {
			isa = PBXGroup;
			children = (
			);
			path = "Target Support Files";
			sourceTree = "<group>";
		};
		07DFEC261F1DE86300280D65 /* Custom View */ = {
			isa = PBXGroup;
			children = (
				07DFEC201F1DD1F700280D65 /* navigationView.xib */,
				07DFEC241F1DD2E600280D65 /* NavigationView.swift */,
				07FDB20C1F26060E00D35B85 /* buttonView.xib */,
				07FDB2101F26069700D35B85 /* CustomButton.swift */,
			);
			name = "Custom View";
			sourceTree = "<group>";
		};
		C279FF22B130BB80A55C531E /* Pods */ = {
			isa = PBXGroup;
			children = (
				10CAC75485C41836B5E78DC4 /* Pods-BEYOND PULSE.debug.xcconfig */,
				E8F6056CD1D0A617B8F75847 /* Pods-BEYOND PULSE.release.xcconfig */,
			);
			name = Pods;
			sourceTree = "<group>";
		};
/* End PBXGroup section */

/* Begin PBXNativeTarget section */
		072697181EE98B15005AC23A /* BEYOND PULSE */ = {
			isa = PBXNativeTarget;
			buildConfigurationList = 072697411EE98B15005AC23A /* Build configuration list for PBXNativeTarget "BEYOND PULSE" */;
			buildPhases = (
				137CED39E6A423542913E46E /* [CP] Check Pods Manifest.lock */,
				072697151EE98B15005AC23A /* Sources */,
				072697161EE98B15005AC23A /* Frameworks */,
				072697171EE98B15005AC23A /* Resources */,
				E756425DECD1F7EDCC6DE01B /* [CP] Embed Pods Frameworks */,
				6033D0F02B0C54F76593496D /* [CP] Copy Pods Resources */,
			);
			buildRules = (
			);
			dependencies = (
			);
			name = "BEYOND PULSE";
			productName = "BEYOND PULSE";
			productReference = 072697191EE98B15005AC23A /* BEYOND PULSE.app */;
			productType = "com.apple.product-type.application";
		};
		0726972C1EE98B15005AC23A /* BEYOND PULSETests */ = {
			isa = PBXNativeTarget;
			buildConfigurationList = 072697441EE98B15005AC23A /* Build configuration list for PBXNativeTarget "BEYOND PULSETests" */;
			buildPhases = (
				072697291EE98B15005AC23A /* Sources */,
				0726972A1EE98B15005AC23A /* Frameworks */,
				0726972B1EE98B15005AC23A /* Resources */,
			);
			buildRules = (
			);
			dependencies = (
				0726972F1EE98B15005AC23A /* PBXTargetDependency */,
			);
			name = "BEYOND PULSETests";
			productName = "BEYOND PULSETests";
			productReference = 0726972D1EE98B15005AC23A /* BEYOND PULSETests.xctest */;
			productType = "com.apple.product-type.bundle.unit-test";
		};
		072697371EE98B15005AC23A /* BEYOND PULSEUITests */ = {
			isa = PBXNativeTarget;
			buildConfigurationList = 072697471EE98B15005AC23A /* Build configuration list for PBXNativeTarget "BEYOND PULSEUITests" */;
			buildPhases = (
				072697341EE98B15005AC23A /* Sources */,
				072697351EE98B15005AC23A /* Frameworks */,
				072697361EE98B15005AC23A /* Resources */,
			);
			buildRules = (
			);
			dependencies = (
				0726973A1EE98B15005AC23A /* PBXTargetDependency */,
			);
			name = "BEYOND PULSEUITests";
			productName = "BEYOND PULSEUITests";
			productReference = 072697381EE98B15005AC23A /* BEYOND PULSEUITests.xctest */;
			productType = "com.apple.product-type.bundle.ui-testing";
		};
/* End PBXNativeTarget section */

/* Begin PBXProject section */
		072697111EE98B15005AC23A /* Project object */ = {
			isa = PBXProject;
			attributes = {
				LastSwiftUpdateCheck = 0830;
				LastUpgradeCheck = 0830;
				ORGANIZATIONNAME = "Milos Stosic";
				TargetAttributes = {
					072697181EE98B15005AC23A = {
						CreatedOnToolsVersion = 8.3.1;
						DevelopmentTeam = J6WMU365TR;
						LastSwiftMigration = 0830;
						ProvisioningStyle = Automatic;
					};
					0726972C1EE98B15005AC23A = {
						CreatedOnToolsVersion = 8.3.1;
						ProvisioningStyle = Automatic;
						TestTargetID = 072697181EE98B15005AC23A;
					};
					072697371EE98B15005AC23A = {
						CreatedOnToolsVersion = 8.3.1;
						ProvisioningStyle = Automatic;
						TestTargetID = 072697181EE98B15005AC23A;
					};
				};
			};
			buildConfigurationList = 072697141EE98B15005AC23A /* Build configuration list for PBXProject "BEYOND PULSE" */;
			compatibilityVersion = "Xcode 3.2";
			developmentRegion = English;
			hasScannedForEncodings = 0;
			knownRegions = (
				en,
				Base,
			);
			mainGroup = 072697101EE98B15005AC23A;
			productRefGroup = 0726971A1EE98B15005AC23A /* Products */;
			projectDirPath = "";
			projectReferences = (
				{
					ProductGroup = 0742F0671F134C90001FA68D /* Products */;
					ProjectRef = 0742F0661F134C90001FA68D /* Pods.xcodeproj */;
				},
			);
			projectRoot = "";
			targets = (
				072697181EE98B15005AC23A /* BEYOND PULSE */,
				0726972C1EE98B15005AC23A /* BEYOND PULSETests */,
				072697371EE98B15005AC23A /* BEYOND PULSEUITests */,
			);
		};
/* End PBXProject section */

/* Begin PBXReferenceProxy section */
		0742F06C1F134C90001FA68D /* JWTDecode.framework */ = {
			isa = PBXReferenceProxy;
			fileType = wrapper.framework;
			path = JWTDecode.framework;
			remoteRef = 0742F06B1F134C90001FA68D /* PBXContainerItemProxy */;
			sourceTree = BUILT_PRODUCTS_DIR;
		};
		0742F06E1F134C90001FA68D /* Pods_BEYOND_PULSE.framework */ = {
			isa = PBXReferenceProxy;
			fileType = wrapper.framework;
			path = Pods_BEYOND_PULSE.framework;
			remoteRef = 0742F06D1F134C90001FA68D /* PBXContainerItemProxy */;
			sourceTree = BUILT_PRODUCTS_DIR;
		};
		07BF10FB1F3343BF0093AEE5 /* HockeySDKResources.bundle */ = {
			isa = PBXReferenceProxy;
			fileType = wrapper.cfbundle;
			path = HockeySDKResources.bundle;
			remoteRef = 07BF10FA1F3343BF0093AEE5 /* PBXContainerItemProxy */;
			sourceTree = BUILT_PRODUCTS_DIR;
		};
/* End PBXReferenceProxy section */

/* Begin PBXResourcesBuildPhase section */
		072697171EE98B15005AC23A /* Resources */ = {
			isa = PBXResourcesBuildPhase;
			buildActionMask = 2147483647;
			files = (
				07DFEC281F1DFD5000280D65 /* RobotoCondensed-Regular.ttf in Resources */,
				07CC00BF1F20A53700045D42 /* Roboto-Bold.ttf in Resources */,
				07CC00C01F20A53C00045D42 /* MyriadPro-Regular.otf in Resources */,
				07CC00C11F20A54100045D42 /* Roboto-Medium.ttf in Resources */,
				072697271EE98B15005AC23A /* LaunchScreen.storyboard in Resources */,
				07906D1E1F051F1800FB36D0 /* heartbeat.gif in Resources */,
				07DFEC211F1DD1F700280D65 /* navigationView.xib in Resources */,
				072697241EE98B15005AC23A /* Assets.xcassets in Resources */,
				072697221EE98B15005AC23A /* Main.storyboard in Resources */,
				07FDB20D1F26060E00D35B85 /* buttonView.xib in Resources */,
			);
			runOnlyForDeploymentPostprocessing = 0;
		};
		0726972B1EE98B15005AC23A /* Resources */ = {
			isa = PBXResourcesBuildPhase;
			buildActionMask = 2147483647;
			files = (
			);
			runOnlyForDeploymentPostprocessing = 0;
		};
		072697361EE98B15005AC23A /* Resources */ = {
			isa = PBXResourcesBuildPhase;
			buildActionMask = 2147483647;
			files = (
			);
			runOnlyForDeploymentPostprocessing = 0;
		};
/* End PBXResourcesBuildPhase section */

/* Begin PBXShellScriptBuildPhase section */
		137CED39E6A423542913E46E /* [CP] Check Pods Manifest.lock */ = {
			isa = PBXShellScriptBuildPhase;
			buildActionMask = 2147483647;
			files = (
			);
			inputPaths = (
			);
			name = "[CP] Check Pods Manifest.lock";
			outputPaths = (
			);
			runOnlyForDeploymentPostprocessing = 0;
			shellPath = /bin/sh;
			shellScript = "diff \"${PODS_PODFILE_DIR_PATH}/Podfile.lock\" \"${PODS_ROOT}/Manifest.lock\" > /dev/null\nif [ $? != 0 ] ; then\n    # print error to STDERR\n    echo \"error: The sandbox is not in sync with the Podfile.lock. Run 'pod install' or update your CocoaPods installation.\" >&2\n    exit 1\nfi\n";
			showEnvVarsInLog = 0;
		};
		6033D0F02B0C54F76593496D /* [CP] Copy Pods Resources */ = {
			isa = PBXShellScriptBuildPhase;
			buildActionMask = 2147483647;
			files = (
			);
			inputPaths = (
			);
			name = "[CP] Copy Pods Resources";
			outputPaths = (
			);
			runOnlyForDeploymentPostprocessing = 0;
			shellPath = /bin/sh;
			shellScript = "\"${SRCROOT}/Pods/Target Support Files/Pods-BEYOND PULSE/Pods-BEYOND PULSE-resources.sh\"\n";
			showEnvVarsInLog = 0;
		};
		E756425DECD1F7EDCC6DE01B /* [CP] Embed Pods Frameworks */ = {
			isa = PBXShellScriptBuildPhase;
			buildActionMask = 2147483647;
			files = (
			);
			inputPaths = (
			);
			name = "[CP] Embed Pods Frameworks";
			outputPaths = (
			);
			runOnlyForDeploymentPostprocessing = 0;
			shellPath = /bin/sh;
			shellScript = "\"${SRCROOT}/Pods/Target Support Files/Pods-BEYOND PULSE/Pods-BEYOND PULSE-frameworks.sh\"\n";
			showEnvVarsInLog = 0;
		};
/* End PBXShellScriptBuildPhase section */

/* Begin PBXSourcesBuildPhase section */
		072697151EE98B15005AC23A /* Sources */ = {
			isa = PBXSourcesBuildPhase;
			buildActionMask = 2147483647;
			files = (
				073775D41F27142500D1ABCC /* ActionSheetViewController.swift in Sources */,
				070B29191F1CAAA6002A7CF4 /* SQLDataIO.swift in Sources */,
				07BA88FE1F0BB9B8001C4637 /* Players.swift in Sources */,
				07387E2D1EEA960B003E73D9 /* CoachViewController.swift in Sources */,
				07906D1C1F051CCF00FB36D0 /* iOSDevCenters+GIF.swift in Sources */,
				07FDB2111F26069700D35B85 /* CustomButton.swift in Sources */,
				07901C071EF960F20000F40A /* TraningSesionTableViewCell.swift in Sources */,
				07266E581EE9A508005C5BFF /* ForgatPasswordViewController.swift in Sources */,
				07901C051EF949130000F40A /* CustomTabBarController.swift in Sources */,
				0742F0711F13878A001FA68D /* StartTraningViewController.swift in Sources */,
				07387E271EEA79E1003E73D9 /* TeamTableViewCell.swift in Sources */,
				0708E2911F0CB1F300A3143C /* BLEController.m in Sources */,
				07EF5BE71F05012200476225 /* FirstScreanViewController.swift in Sources */,
				0726974B1EE98B67005AC23A /* LoginViewController.swift in Sources */,
				07A6238D1EF1151A003A5395 /* PlayerTableViewCell.swift in Sources */,
				07BF10FD1F334ED90093AEE5 /* LayerContainerView.swift in Sources */,
				07A6238F1EF1158F003A5395 /* PlayerViewController.swift in Sources */,
				0765C26D1F0E3E6A007F0792 /* SessionViewController.swift in Sources */,
				07DB2B821F0CB3AC00D686C9 /* BLETestViewController.swift in Sources */,
				0726971D1EE98B15005AC23A /* AppDelegate.swift in Sources */,
				07B380051F0A9F7D00B7FB8A /* SettingsTableViewCell.swift in Sources */,
				07DFEC251F1DD2E600280D65 /* NavigationView.swift in Sources */,
				07BF10F61F3343BC0093AEE5 /* StopTraningSesionViewController.swift in Sources */,
				07387E251EEA7985003E73D9 /* SelectTeamViewController.swift in Sources */,
				073775D81F273E8C00D1ABCC /* AlterViewController.swift in Sources */,
				079991421F03BFAA00D4860E /* SettingsViewController.swift in Sources */,
				0765C26F1F0E3F41007F0792 /* SessionTableViewCell.swift in Sources */,
				07B380031F0A965600B7FB8A /* Singleton.swift in Sources */,
				07387E2B1EEA8645003E73D9 /* SWRevealViewController.m in Sources */,
				07E88F181F0F5B530022FC4C /* PlayerDetailsViewController.swift in Sources */,
				079597071F025D46002FD487 /* ServerComunication.swift in Sources */,
			);
			runOnlyForDeploymentPostprocessing = 0;
		};
		072697291EE98B15005AC23A /* Sources */ = {
			isa = PBXSourcesBuildPhase;
			buildActionMask = 2147483647;
			files = (
				072697321EE98B15005AC23A /* BEYOND_PULSETests.swift in Sources */,
			);
			runOnlyForDeploymentPostprocessing = 0;
		};
		072697341EE98B15005AC23A /* Sources */ = {
			isa = PBXSourcesBuildPhase;
			buildActionMask = 2147483647;
			files = (
				0726973D1EE98B15005AC23A /* BEYOND_PULSEUITests.swift in Sources */,
			);
			runOnlyForDeploymentPostprocessing = 0;
		};
/* End PBXSourcesBuildPhase section */

/* Begin PBXTargetDependency section */
		0726972F1EE98B15005AC23A /* PBXTargetDependency */ = {
			isa = PBXTargetDependency;
			target = 072697181EE98B15005AC23A /* BEYOND PULSE */;
			targetProxy = 0726972E1EE98B15005AC23A /* PBXContainerItemProxy */;
		};
		0726973A1EE98B15005AC23A /* PBXTargetDependency */ = {
			isa = PBXTargetDependency;
			target = 072697181EE98B15005AC23A /* BEYOND PULSE */;
			targetProxy = 072697391EE98B15005AC23A /* PBXContainerItemProxy */;
		};
/* End PBXTargetDependency section */

/* Begin PBXVariantGroup section */
		072697201EE98B15005AC23A /* Main.storyboard */ = {
			isa = PBXVariantGroup;
			children = (
				072697211EE98B15005AC23A /* Base */,
			);
			name = Main.storyboard;
			sourceTree = "<group>";
		};
		072697251EE98B15005AC23A /* LaunchScreen.storyboard */ = {
			isa = PBXVariantGroup;
			children = (
				072697261EE98B15005AC23A /* Base */,
			);
			name = LaunchScreen.storyboard;
			sourceTree = "<group>";
		};
/* End PBXVariantGroup section */

/* Begin XCBuildConfiguration section */
		0726973F1EE98B15005AC23A /* Debug */ = {
			isa = XCBuildConfiguration;
			buildSettings = {
				ALWAYS_SEARCH_USER_PATHS = NO;
				CLANG_ANALYZER_NONNULL = YES;
				CLANG_ANALYZER_NUMBER_OBJECT_CONVERSION = YES_AGGRESSIVE;
				CLANG_CXX_LANGUAGE_STANDARD = "gnu++0x";
				CLANG_CXX_LIBRARY = "libc++";
				CLANG_ENABLE_MODULES = YES;
				CLANG_ENABLE_OBJC_ARC = YES;
				CLANG_WARN_BOOL_CONVERSION = YES;
				CLANG_WARN_CONSTANT_CONVERSION = YES;
				CLANG_WARN_DIRECT_OBJC_ISA_USAGE = YES_ERROR;
				CLANG_WARN_DOCUMENTATION_COMMENTS = YES;
				CLANG_WARN_EMPTY_BODY = YES;
				CLANG_WARN_ENUM_CONVERSION = YES;
				CLANG_WARN_INFINITE_RECURSION = YES;
				CLANG_WARN_INT_CONVERSION = YES;
				CLANG_WARN_OBJC_ROOT_CLASS = YES_ERROR;
				CLANG_WARN_SUSPICIOUS_MOVE = YES;
				CLANG_WARN_UNREACHABLE_CODE = YES;
				CLANG_WARN__DUPLICATE_METHOD_MATCH = YES;
				"CODE_SIGN_IDENTITY[sdk=iphoneos*]" = "iPhone Developer";
				COPY_PHASE_STRIP = NO;
				DEBUG_INFORMATION_FORMAT = dwarf;
				ENABLE_STRICT_OBJC_MSGSEND = YES;
				ENABLE_TESTABILITY = YES;
				GCC_C_LANGUAGE_STANDARD = gnu99;
				GCC_DYNAMIC_NO_PIC = NO;
				GCC_NO_COMMON_BLOCKS = YES;
				GCC_OPTIMIZATION_LEVEL = 0;
				GCC_PREPROCESSOR_DEFINITIONS = (
					"DEBUG=1",
					"$(inherited)",
				);
				GCC_WARN_64_TO_32_BIT_CONVERSION = YES;
				GCC_WARN_ABOUT_RETURN_TYPE = YES_ERROR;
				GCC_WARN_UNDECLARED_SELECTOR = YES;
				GCC_WARN_UNINITIALIZED_AUTOS = YES_AGGRESSIVE;
				GCC_WARN_UNUSED_FUNCTION = YES;
				GCC_WARN_UNUSED_VARIABLE = YES;
				IPHONEOS_DEPLOYMENT_TARGET = 10.3;
				MTL_ENABLE_DEBUG_INFO = YES;
				ONLY_ACTIVE_ARCH = YES;
				SDKROOT = iphoneos;
				SWIFT_ACTIVE_COMPILATION_CONDITIONS = DEBUG;
				SWIFT_OPTIMIZATION_LEVEL = "-Onone";
				TARGETED_DEVICE_FAMILY = "1,2";
			};
			name = Debug;
		};
		072697401EE98B15005AC23A /* Release */ = {
			isa = XCBuildConfiguration;
			buildSettings = {
				ALWAYS_SEARCH_USER_PATHS = NO;
				CLANG_ANALYZER_NONNULL = YES;
				CLANG_ANALYZER_NUMBER_OBJECT_CONVERSION = YES_AGGRESSIVE;
				CLANG_CXX_LANGUAGE_STANDARD = "gnu++0x";
				CLANG_CXX_LIBRARY = "libc++";
				CLANG_ENABLE_MODULES = YES;
				CLANG_ENABLE_OBJC_ARC = YES;
				CLANG_WARN_BOOL_CONVERSION = YES;
				CLANG_WARN_CONSTANT_CONVERSION = YES;
				CLANG_WARN_DIRECT_OBJC_ISA_USAGE = YES_ERROR;
				CLANG_WARN_DOCUMENTATION_COMMENTS = YES;
				CLANG_WARN_EMPTY_BODY = YES;
				CLANG_WARN_ENUM_CONVERSION = YES;
				CLANG_WARN_INFINITE_RECURSION = YES;
				CLANG_WARN_INT_CONVERSION = YES;
				CLANG_WARN_OBJC_ROOT_CLASS = YES_ERROR;
				CLANG_WARN_SUSPICIOUS_MOVE = YES;
				CLANG_WARN_UNREACHABLE_CODE = YES;
				CLANG_WARN__DUPLICATE_METHOD_MATCH = YES;
				"CODE_SIGN_IDENTITY[sdk=iphoneos*]" = "iPhone Developer";
				COPY_PHASE_STRIP = NO;
				DEBUG_INFORMATION_FORMAT = "dwarf-with-dsym";
				ENABLE_NS_ASSERTIONS = NO;
				ENABLE_STRICT_OBJC_MSGSEND = YES;
				GCC_C_LANGUAGE_STANDARD = gnu99;
				GCC_NO_COMMON_BLOCKS = YES;
				GCC_WARN_64_TO_32_BIT_CONVERSION = YES;
				GCC_WARN_ABOUT_RETURN_TYPE = YES_ERROR;
				GCC_WARN_UNDECLARED_SELECTOR = YES;
				GCC_WARN_UNINITIALIZED_AUTOS = YES_AGGRESSIVE;
				GCC_WARN_UNUSED_FUNCTION = YES;
				GCC_WARN_UNUSED_VARIABLE = YES;
				IPHONEOS_DEPLOYMENT_TARGET = 10.3;
				MTL_ENABLE_DEBUG_INFO = NO;
				SDKROOT = iphoneos;
				SWIFT_OPTIMIZATION_LEVEL = "-Owholemodule";
				TARGETED_DEVICE_FAMILY = "1,2";
				VALIDATE_PRODUCT = YES;
			};
			name = Release;
		};
		072697421EE98B15005AC23A /* Debug */ = {
			isa = XCBuildConfiguration;
			baseConfigurationReference = 10CAC75485C41836B5E78DC4 /* Pods-BEYOND PULSE.debug.xcconfig */;
			buildSettings = {
				ASSETCATALOG_COMPILER_APPICON_NAME = AppIcon;
				CLANG_ENABLE_MODULES = YES;
				"CODE_SIGN_IDENTITY[sdk=iphoneos*]" = "iPhone Developer";
				DEVELOPMENT_TEAM = J6WMU365TR;
				FRAMEWORK_SEARCH_PATHS = (
					"$(inherited)",
					"$(SRCROOT)",
				);
				INFOPLIST_FILE = "BEYOND PULSE/Info.plist";
				IPHONEOS_DEPLOYMENT_TARGET = 10.0;
				LD_RUNPATH_SEARCH_PATHS = "$(inherited) @executable_path/Frameworks";
				PRODUCT_BUNDLE_IDENTIFIER = "com.gamecredits.BEYOND-PULSE";
				PRODUCT_NAME = "$(TARGET_NAME)";
				PROVISIONING_PROFILE = "";
				PROVISIONING_PROFILE_SPECIFIER = "";
				SWIFT_OBJC_BRIDGING_HEADER = "BEYOND PULSE/BEYOND PULSE-Bridging-Header.h";
				SWIFT_OPTIMIZATION_LEVEL = "-Onone";
				SWIFT_VERSION = 3.0;
			};
			name = Debug;
		};
		072697431EE98B15005AC23A /* Release */ = {
			isa = XCBuildConfiguration;
			baseConfigurationReference = E8F6056CD1D0A617B8F75847 /* Pods-BEYOND PULSE.release.xcconfig */;
			buildSettings = {
				ASSETCATALOG_COMPILER_APPICON_NAME = AppIcon;
				CLANG_ENABLE_MODULES = YES;
				"CODE_SIGN_IDENTITY[sdk=iphoneos*]" = "iPhone Developer";
				DEVELOPMENT_TEAM = J6WMU365TR;
				INFOPLIST_FILE = "BEYOND PULSE/Info.plist";
				IPHONEOS_DEPLOYMENT_TARGET = 10.0;
				LD_RUNPATH_SEARCH_PATHS = "$(inherited) @executable_path/Frameworks";
				PRODUCT_BUNDLE_IDENTIFIER = "com.gamecredits.BEYOND-PULSE";
				PRODUCT_NAME = "$(TARGET_NAME)";
				PROVISIONING_PROFILE = "";
				PROVISIONING_PROFILE_SPECIFIER = "";
				SWIFT_OBJC_BRIDGING_HEADER = "BEYOND PULSE/BEYOND PULSE-Bridging-Header.h";
				SWIFT_VERSION = 3.0;
			};
			name = Release;
		};
		072697451EE98B15005AC23A /* Debug */ = {
			isa = XCBuildConfiguration;
			buildSettings = {
				ALWAYS_EMBED_SWIFT_STANDARD_LIBRARIES = YES;
				BUNDLE_LOADER = "$(TEST_HOST)";
				"CODE_SIGN_IDENTITY[sdk=iphoneos*]" = "iPhone Developer";
				DEVELOPMENT_TEAM = "";
				INFOPLIST_FILE = "BEYOND PULSETests/Info.plist";
				LD_RUNPATH_SEARCH_PATHS = "$(inherited) @executable_path/Frameworks @loader_path/Frameworks";
				PRODUCT_BUNDLE_IDENTIFIER = "com.gamecredits.BEYOND-PULSETests";
				PRODUCT_NAME = "$(TARGET_NAME)";
				PROVISIONING_PROFILE_SPECIFIER = "";
				SWIFT_VERSION = 3.0;
				TEST_HOST = "$(BUILT_PRODUCTS_DIR)/BEYOND PULSE.app/BEYOND PULSE";
			};
			name = Debug;
		};
		072697461EE98B15005AC23A /* Release */ = {
			isa = XCBuildConfiguration;
			buildSettings = {
				ALWAYS_EMBED_SWIFT_STANDARD_LIBRARIES = YES;
				BUNDLE_LOADER = "$(TEST_HOST)";
				"CODE_SIGN_IDENTITY[sdk=iphoneos*]" = "iPhone Developer";
				DEVELOPMENT_TEAM = "";
				INFOPLIST_FILE = "BEYOND PULSETests/Info.plist";
				LD_RUNPATH_SEARCH_PATHS = "$(inherited) @executable_path/Frameworks @loader_path/Frameworks";
				PRODUCT_BUNDLE_IDENTIFIER = "com.gamecredits.BEYOND-PULSETests";
				PRODUCT_NAME = "$(TARGET_NAME)";
				PROVISIONING_PROFILE_SPECIFIER = "";
				SWIFT_VERSION = 3.0;
				TEST_HOST = "$(BUILT_PRODUCTS_DIR)/BEYOND PULSE.app/BEYOND PULSE";
			};
			name = Release;
		};
		072697481EE98B15005AC23A /* Debug */ = {
			isa = XCBuildConfiguration;
			buildSettings = {
				ALWAYS_EMBED_SWIFT_STANDARD_LIBRARIES = YES;
				INFOPLIST_FILE = "BEYOND PULSEUITests/Info.plist";
				LD_RUNPATH_SEARCH_PATHS = "$(inherited) @executable_path/Frameworks @loader_path/Frameworks";
				PRODUCT_BUNDLE_IDENTIFIER = "com.gamecredits.BEYOND-PULSEUITests";
				PRODUCT_NAME = "$(TARGET_NAME)";
				SWIFT_VERSION = 3.0;
				TEST_TARGET_NAME = "BEYOND PULSE";
			};
			name = Debug;
		};
		072697491EE98B15005AC23A /* Release */ = {
			isa = XCBuildConfiguration;
			buildSettings = {
				ALWAYS_EMBED_SWIFT_STANDARD_LIBRARIES = YES;
				INFOPLIST_FILE = "BEYOND PULSEUITests/Info.plist";
				LD_RUNPATH_SEARCH_PATHS = "$(inherited) @executable_path/Frameworks @loader_path/Frameworks";
				PRODUCT_BUNDLE_IDENTIFIER = "com.gamecredits.BEYOND-PULSEUITests";
				PRODUCT_NAME = "$(TARGET_NAME)";
				SWIFT_VERSION = 3.0;
				TEST_TARGET_NAME = "BEYOND PULSE";
			};
			name = Release;
		};
/* End XCBuildConfiguration section */

/* Begin XCConfigurationList section */
		072697141EE98B15005AC23A /* Build configuration list for PBXProject "BEYOND PULSE" */ = {
			isa = XCConfigurationList;
			buildConfigurations = (
				0726973F1EE98B15005AC23A /* Debug */,
				072697401EE98B15005AC23A /* Release */,
			);
			defaultConfigurationIsVisible = 0;
			defaultConfigurationName = Release;
		};
		072697411EE98B15005AC23A /* Build configuration list for PBXNativeTarget "BEYOND PULSE" */ = {
			isa = XCConfigurationList;
			buildConfigurations = (
				072697421EE98B15005AC23A /* Debug */,
				072697431EE98B15005AC23A /* Release */,
			);
			defaultConfigurationIsVisible = 0;
			defaultConfigurationName = Release;
		};
		072697441EE98B15005AC23A /* Build configuration list for PBXNativeTarget "BEYOND PULSETests" */ = {
			isa = XCConfigurationList;
			buildConfigurations = (
				072697451EE98B15005AC23A /* Debug */,
				072697461EE98B15005AC23A /* Release */,
			);
			defaultConfigurationIsVisible = 0;
			defaultConfigurationName = Release;
		};
		072697471EE98B15005AC23A /* Build configuration list for PBXNativeTarget "BEYOND PULSEUITests" */ = {
			isa = XCConfigurationList;
			buildConfigurations = (
				072697481EE98B15005AC23A /* Debug */,
				072697491EE98B15005AC23A /* Release */,
			);
			defaultConfigurationIsVisible = 0;
			defaultConfigurationName = Release;
		};
/* End XCConfigurationList section */
	};
	rootObject = 072697111EE98B15005AC23A /* Project object */;
}
